<?xml version="1.0" encoding="utf-8"?>
<Project ToolsVersion="4.0" xmlns="http://schemas.microsoft.com/developer/msbuild/2003">
  <ItemGroup>
    <Filter Include="Source Files">
      <UniqueIdentifier>{4FC737F1-C7A5-4376-A066-2A32D752A2FF}</UniqueIdentifier>
      <Extensions>cpp;c;cc;cxx;c++;cppm;ixx;def;odl;idl;hpj;bat;asm;asmx</Extensions>
    </Filter>
    <Filter Include="Header Files">
      <UniqueIdentifier>{93995380-89BD-4b04-88EB-625FBE52EBFB}</UniqueIdentifier>
      <Extensions>h;hh;hpp;hxx;h++;hm;inl;inc;ipp;xsd</Extensions>
    </Filter>
    <Filter Include="Resource Files">
      <UniqueIdentifier>{67DA6AB6-F800-4c08-8B7A-83BB121AAD01}</UniqueIdentifier>
      <Extensions>rc;ico;cur;bmp;dlg;rc2;rct;bin;rgs;gif;jpg;jpeg;jpe;resx;tiff;tif;png;wav;mfcribbon-ms</Extensions>
    </Filter>
  </ItemGroup>
  <ItemGroup>
    <ClCompile Include="src\FAL.cpp">
      <Filter>Source Files</Filter>
    </ClCompile>
    <ClCompile Include="src\HexDialogs.cpp">
      <Filter>Source Files</Filter>
    </ClCompile>
    <ClCompile Include="src\HexEditor.cpp">
      <Filter>Source Files</Filter>
    </ClCompile>
    <ClCompile Include="src\HexEditorApp.cpp">
      <Filter>Source Files</Filter>
    </ClCompile>
    <ClCompile Include="src\HexEditorFrame.cpp">
      <Filter>Source Files</Filter>
    </ClCompile>
    <ClCompile Include="src\HexEditorGui.cpp">
      <Filter>Source Files</Filter>
    </ClCompile>
    <ClCompile Include="src\HexPanels.cpp">
      <Filter>Source Files</Filter>
    </ClCompile>
    <ClCompile Include="src\windrv.cpp">
      <Filter>Source Files</Filter>
    </ClCompile>
    <ClCompile Include="src\HexEditorCtrl\HexEditorCtrl.cpp">
      <Filter>Source Files</Filter>
    </ClCompile>
    <ClCompile Include="src\HexEditorCtrl\HexEditorCtrlGui.cpp">
      <Filter>Source Files</Filter>
    </ClCompile>
    <ClCompile Include="src\HexEditorCtrl\wxHexCtrl\Tag.cpp">
      <Filter>Source Files</Filter>
    </ClCompile>
    <ClCompile Include="src\HexEditorCtrl\wxHexCtrl\TagDialogGui.cpp">
      <Filter>Source Files</Filter>
    </ClCompile>
    <ClCompile Include="src\HexEditorCtrl\wxHexCtrl\wxHexCtrl.cpp">
      <Filter>Source Files</Filter>
    </ClCompile>
  </ItemGroup>
  <ItemGroup>
    <ClInclude Include="src\FAL.h">
      <Filter>Header Files</Filter>
    </ClInclude>
    <ClInclude Include="src\HexDialogs.h">
      <Filter>Header Files</Filter>
    </ClInclude>
    <ClInclude Include="src\HexEditor.h">
      <Filter>Header Files</Filter>
    </ClInclude>
    <ClInclude Include="src\HexEditorApp.h">
      <Filter>Header Files</Filter>
    </ClInclude>
    <ClInclude Include="src\HexEditorFrame.h">
      <Filter>Header Files</Filter>
    </ClInclude>
    <ClInclude Include="src\HexEditorGui.h">
      <Filter>Header Files</Filter>
    </ClInclude>
    <ClInclude Include="src\HexPanels.h">
      <Filter>Header Files</Filter>
    </ClInclude>
    <ClInclude Include="src\windrv.h">
      <Filter>Header Files</Filter>
    </ClInclude>
    <ClInclude Include="src\HexEditorCtrl\HexEditorCtrl.h">
      <Filter>Header Files</Filter>
    </ClInclude>
    <ClInclude Include="src\HexEditorCtrl\HexEditorCtrlGui.h">
      <Filter>Header Files</Filter>
    </ClInclude>
    <ClInclude Include="src\HexEditorCtrl\wxHexCtrl\Tag.h">
      <Filter>Header Files</Filter>
    </ClInclude>
    <ClInclude Include="src\HexEditorCtrl\wxHexCtrl\TagDialogGui.h">
      <Filter>Header Files</Filter>
    </ClInclude>
    <ClInclude Include="src\HexEditorCtrl\wxHexCtrl\wxHexCtrl.h">
      <Filter>Header Files</Filter>
    </ClInclude>
  </ItemGroup>
  <ItemGroup>
    <ResourceCompile Include="resources\resource.rc">
      <Filter>Resource Files</Filter>
    </ResourceCompile>
  </ItemGroup>
</Project>